
Microsoft Visual Studio Solution File, Format Version 11.00
# Visual Studio 2010
Project("{FAE04EC0-301F-11D3-BF4B-00C04F79EFBC}") = "SpeechToText", "SpeechToText\SpeechToText.csproj", "{344D6A98-4DF4-499E-8B4F-DF2D10738A7F}"
EndProject
Global
	GlobalSection(SolutionConfigurationPlatforms) = preSolution
		Debug|x86 = Debug|x86
		Release|x86 = Release|x86
	EndGlobalSection
	GlobalSection(ProjectConfigurationPlatforms) = postSolution
		{344D6A98-4DF4-499E-8B4F-DF2D10738A7F}.Debug|x86.ActiveCfg = Debug|x86
		{344D6A98-4DF4-499E-8B4F-DF2D10738A7F}.Debug|x86.Build.0 = Debug|x86
		{344D6A98-4DF4-499E-8B4F-DF2D10738A7F}.Release|x86.ActiveCfg = Release|x86
		{344D6A98-4DF4-499E-8B4F-DF2D10738A7F}.Release|x86.Build.0 = Release|x86
	EndGlobalSection
	GlobalSection(SolutionProperties) = preSolution
		HideSolutionNode = FALSE
	EndGlobalSection
EndGlobal
